
Microsoft Visual Studio Solution File, Format Version 12.00
# Visual Studio Version 17
VisualStudioVersion = 17.4.33110.190
MinimumVisualStudioVersion = 10.0.40219.1
Project("{FAE04EC0-301F-11D3-BF4B-00C04F79EFBC}") = "Video11dvuxmermassix", "Video11dvuxmermassix\Video11dvuxmermassix.csproj", "{F183437C-B795-4746-A7B4-AB4D8204722D}"
EndProject
Project("{FAE04EC0-301F-11D3-BF4B-00C04F79EFBC}") = "MorskoiBoy", "MorskoiBoy\MorskoiBoy.csproj", "{B8659130-821F-4C57-9677-9BC792F01F11}"
EndProject
Global
	GlobalSection(SolutionConfigurationPlatforms) = preSolution
		Debug|Any CPU = Debug|Any CPU
		Release|Any CPU = Release|Any CPU
	EndGlobalSection
	GlobalSection(ProjectConfigurationPlatforms) = postSolution
		{F183437C-B795-4746-A7B4-AB4D8204722D}.Debug|Any CPU.ActiveCfg = Debug|Any CPU
		{F183437C-B795-4746-A7B4-AB4D8204722D}.Debug|Any CPU.Build.0 = Debug|Any CPU
		{F183437C-B795-4746-A7B4-AB4D8204722D}.Release|Any CPU.ActiveCfg = Release|Any CPU
		{F183437C-B795-4746-A7B4-AB4D8204722D}.Release|Any CPU.Build.0 = Release|Any CPU
		{B8659130-821F-4C57-9677-9BC792F01F11}.Debug|Any CPU.ActiveCfg = Debug|Any CPU
		{B8659130-821F-4C57-9677-9BC792F01F11}.Debug|Any CPU.Build.0 = Debug|Any CPU
		{B8659130-821F-4C57-9677-9BC792F01F11}.Release|Any CPU.ActiveCfg = Release|Any CPU
		{B8659130-821F-4C57-9677-9BC792F01F11}.Release|Any CPU.Build.0 = Release|Any CPU
	EndGlobalSection
	GlobalSection(SolutionProperties) = preSolution
		HideSolutionNode = FALSE
	EndGlobalSection
	GlobalSection(ExtensibilityGlobals) = postSolution
		SolutionGuid = {2F430911-E04A-4808-84A7-281539A3D160}
	EndGlobalSection
EndGlobal
